
Microsoft Visual Studio Solution File, Format Version 12.00
# Visual Studio 15
VisualStudioVersion = 15.0.27130.2003
MinimumVisualStudioVersion = 10.0.40219.1
Project("{FAE04EC0-301F-11D3-BF4B-00C04F79EFBC}") = "Phisics", "Phisics\Phisics.csproj", "{48D09E9D-1EFC-4B0B-B1EF-59C8D683598B}"
EndProject
Global
	GlobalSection(SolutionConfigurationPlatforms) = preSolution
		Debug|Any CPU = Debug|Any CPU
		Release|Any CPU = Release|Any CPU
	EndGlobalSection
	GlobalSection(ProjectConfigurationPlatforms) = postSolution
		{48D09E9D-1EFC-4B0B-B1EF-59C8D683598B}.Debug|Any CPU.ActiveCfg = Debug|Any CPU
		{48D09E9D-1EFC-4B0B-B1EF-59C8D683598B}.Debug|Any CPU.Build.0 = Debug|Any CPU
		{48D09E9D-1EFC-4B0B-B1EF-59C8D683598B}.Release|Any CPU.ActiveCfg = Release|Any CPU
		{48D09E9D-1EFC-4B0B-B1EF-59C8D683598B}.Release|Any CPU.Build.0 = Release|Any CPU
	EndGlobalSection
	GlobalSection(SolutionProperties) = preSolution
		HideSolutionNode = FALSE
	EndGlobalSection
	GlobalSection(ExtensibilityGlobals) = postSolution
		SolutionGuid = {AB4A7C3E-9C62-46E8-B2D4-9B39A2745A70}
	EndGlobalSection
EndGlobal
